// !$*UTF8*$!
{
	archiveVersion = 1;
	classes = {
	};
	objectVersion = 77;
	objects = {

/* Begin PBXContainerItemProxy section */
		CCC6ECF42E9CC84E00933718 /* PBXContainerItemProxy */ = {
			isa = PBXContainerItemProxy;
			containerPortal = CCC6ECDE2E9CC84D00933718 /* Project object */;
			proxyType = 1;
			remoteGlobalIDString = CCC6ECE52E9CC84D00933718;
			remoteInfo = TestBasics;
		};
		CCC6ED182E9CC8B100933718 /* PBXContainerItemProxy */ = {
			isa = PBXContainerItemProxy;
			containerPortal = CCC6ECDE2E9CC84D00933718 /* Project object */;
			proxyType = 1;
			remoteGlobalIDString = CCC6ECE52E9CC84D00933718;
			remoteInfo = TestBasics;
		};
/* End PBXContainerItemProxy section */

/* Begin PBXFileReference section */
		CCC6ECE62E9CC84D00933718 /* TestBasics.app */ = {isa = PBXFileReference; explicitFileType = wrapper.application; includeInIndex = 0; path = TestBasics.app; sourceTree = BUILT_PRODUCTS_DIR; };
		CCC6ECF32E9CC84E00933718 /* TestBasicsTests.xctest */ = {isa = PBXFileReference; explicitFileType = wrapper.cfbundle; includeInIndex = 0; path = TestBasicsTests.xctest; sourceTree = BUILT_PRODUCTS_DIR; };
		CCC6ED142E9CC8B100933718 /* TestBasicsSwiftTestings.xctest */ = {isa = PBXFileReference; explicitFileType = wrapper.cfbundle; includeInIndex = 0; path = TestBasicsSwiftTestings.xctest; sourceTree = BUILT_PRODUCTS_DIR; };
/* End PBXFileReference section */

/* Begin PBXFileSystemSynchronizedBuildFileExceptionSet section */
		CCC6ED5C2E9CCF6200933718 /* Exceptions for "TestBasics" folder in "TestBasicsTests" target */ = {
			isa = PBXFileSystemSynchronizedBuildFileExceptionSet;
			membershipExceptions = (
				Main.swift,
			);
			target = CCC6ECF22E9CC84E00933718 /* TestBasicsTests */;
		};
		CCC6ED5D2E9CCF6200933718 /* Exceptions for "TestBasics" folder in "TestBasicsSwiftTestings" target */ = {
			isa = PBXFileSystemSynchronizedBuildFileExceptionSet;
			membershipExceptions = (
				Main.swift,
			);
			target = CCC6ED132E9CC8B100933718 /* TestBasicsSwiftTestings */;
		};
/* End PBXFileSystemSynchronizedBuildFileExceptionSet section */

/* Begin PBXFileSystemSynchronizedRootGroup section */
		CCC6ECE82E9CC84D00933718 /* TestBasics */ = {
			isa = PBXFileSystemSynchronizedRootGroup;
			exceptions = (
				CCC6ED5C2E9CCF6200933718 /* Exceptions for "TestBasics" folder in "TestBasicsTests" target */,
				CCC6ED5D2E9CCF6200933718 /* Exceptions for "TestBasics" folder in "TestBasicsSwiftTestings" target */,
			);
			path = TestBasics;
			sourceTree = "<group>";
		};
		CCC6ECF62E9CC84E00933718 /* TestBasicsTests */ = {
			isa = PBXFileSystemSynchronizedRootGroup;
			path = TestBasicsTests;
			sourceTree = "<group>";
		};
		CCC6ED152E9CC8B100933718 /* TestBasicsSwiftTestings */ = {
			isa = PBXFileSystemSynchronizedRootGroup;
			path = TestBasicsSwiftTestings;
			sourceTree = "<group>";
		};
/* End PBXFileSystemSynchronizedRootGroup section */

/* Begin PBXFrameworksBuildPhase section */
		CCC6ECE32E9CC84D00933718 /* Frameworks */ = {
			isa = PBXFrameworksBuildPhase;
			buildActionMask = 2147483647;
			files = (
			);
			runOnlyForDeploymentPostprocessing = 0;
		};
		CCC6ECF02E9CC84E00933718 /* Frameworks */ = {
			isa = PBXFrameworksBuildPhase;
			buildActionMask = 2147483647;
			files = (
			);
			runOnlyForDeploymentPostprocessing = 0;
		};
		CCC6ED112E9CC8B100933718 /* Frameworks */ = {
			isa = PBXFrameworksBuildPhase;
			buildActionMask = 2147483647;
			files = (
			);
			runOnlyForDeploymentPostprocessing = 0;
		};
/* End PBXFrameworksBuildPhase section */

/* Begin PBXGroup section */
		CCC6ECDD2E9CC84D00933718 = {
			isa = PBXGroup;
			children = (
				CCC6ECE82E9CC84D00933718 /* TestBasics */,
				CCC6ECF62E9CC84E00933718 /* TestBasicsTests */,
				CCC6ED152E9CC8B100933718 /* TestBasicsSwiftTestings */,
				CCC6ECE72E9CC84D00933718 /* Products */,
			);
			sourceTree = "<group>";
		};
		CCC6ECE72E9CC84D00933718 /* Products */ = {
			isa = PBXGroup;
			children = (
				CCC6ECE62E9CC84D00933718 /* TestBasics.app */,
				CCC6ECF32E9CC84E00933718 /* TestBasicsTests.xctest */,
				CCC6ED142E9CC8B100933718 /* TestBasicsSwiftTestings.xctest */,
			);
			name = Products;
			sourceTree = "<group>";
		};
/* End PBXGroup section */

/* Begin PBXNativeTarget section */
		CCC6ECE52E9CC84D00933718 /* TestBasics */ = {
			isa = PBXNativeTarget;
			buildConfigurationList = CCC6ED072E9CC84E00933718 /* Build configuration list for PBXNativeTarget "TestBasics" */;
			buildPhases = (
				CCC6ECE22E9CC84D00933718 /* Sources */,
				CCC6ECE32E9CC84D00933718 /* Frameworks */,
				CCC6ECE42E9CC84D00933718 /* Resources */,
			);
			buildRules = (
			);
			dependencies = (
			);
			fileSystemSynchronizedGroups = (
				CCC6ECE82E9CC84D00933718 /* TestBasics */,
			);
			name = TestBasics;
			packageProductDependencies = (
			);
			productName = TestBasics;
			productReference = CCC6ECE62E9CC84D00933718 /* TestBasics.app */;
			productType = "com.apple.product-type.application";
		};
		CCC6ECF22E9CC84E00933718 /* TestBasicsTests */ = {
			isa = PBXNativeTarget;
			buildConfigurationList = CCC6ED0A2E9CC84E00933718 /* Build configuration list for PBXNativeTarget "TestBasicsTests" */;
			buildPhases = (
				CCC6ECEF2E9CC84E00933718 /* Sources */,
				CCC6ECF02E9CC84E00933718 /* Frameworks */,
				CCC6ECF12E9CC84E00933718 /* Resources */,
			);
			buildRules = (
			);
			dependencies = (
				CCC6ECF52E9CC84E00933718 /* PBXTargetDependency */,
			);
			fileSystemSynchronizedGroups = (
				CCC6ECF62E9CC84E00933718 /* TestBasicsTests */,
			);
			name = TestBasicsTests;
			packageProductDependencies = (
			);
			productName = TestBasicsTests;
			productReference = CCC6ECF32E9CC84E00933718 /* TestBasicsTests.xctest */;
			productType = "com.apple.product-type.bundle.unit-test";
		};
		CCC6ED132E9CC8B100933718 /* TestBasicsSwiftTestings */ = {
			isa = PBXNativeTarget;
			buildConfigurationList = CCC6ED1A2E9CC8B100933718 /* Build configuration list for PBXNativeTarget "TestBasicsSwiftTestings" */;
			buildPhases = (
				CCC6ED102E9CC8B100933718 /* Sources */,
				CCC6ED112E9CC8B100933718 /* Frameworks */,
				CCC6ED122E9CC8B100933718 /* Resources */,
			);
			buildRules = (
			);
			dependencies = (
				CCC6ED192E9CC8B100933718 /* PBXTargetDependency */,
			);
			fileSystemSynchronizedGroups = (
				CCC6ED152E9CC8B100933718 /* TestBasicsSwiftTestings */,
			);
			name = TestBasicsSwiftTestings;
			packageProductDependencies = (
			);
			productName = TestBasicsSwiftTestings;
			productReference = CCC6ED142E9CC8B100933718 /* TestBasicsSwiftTestings.xctest */;
			productType = "com.apple.product-type.bundle.unit-test";
		};
/* End PBXNativeTarget section */

/* Begin PBXProject section */
		CCC6ECDE2E9CC84D00933718 /* Project object */ = {
			isa = PBXProject;
			attributes = {
				BuildIndependentTargetsInParallel = 1;
				LastSwiftUpdateCheck = 2600;
				LastUpgradeCheck = 2600;
				TargetAttributes = {
					CCC6ECE52E9CC84D00933718 = {
						CreatedOnToolsVersion = 26.0.1;
					};
					CCC6ECF22E9CC84E00933718 = {
						CreatedOnToolsVersion = 26.0.1;
						TestTargetID = CCC6ECE52E9CC84D00933718;
					};
					CCC6ED132E9CC8B100933718 = {
						CreatedOnToolsVersion = 26.0.1;
						TestTargetID = CCC6ECE52E9CC84D00933718;
					};
				};
			};
			buildConfigurationList = CCC6ECE12E9CC84D00933718 /* Build configuration list for PBXProject "TestBasics" */;
			developmentRegion = en;
			hasScannedForEncodings = 0;
			knownRegions = (
				en,
				Base,
			);
			mainGroup = CCC6ECDD2E9CC84D00933718;
			minimizedProjectReferenceProxies = 1;
			preferredProjectObjectVersion = 77;
			productRefGroup = CCC6ECE72E9CC84D00933718 /* Products */;
			projectDirPath = "";
			projectRoot = "";
			targets = (
				CCC6ECE52E9CC84D00933718 /* TestBasics */,
				CCC6ECF22E9CC84E00933718 /* TestBasicsTests */,
				CCC6ED132E9CC8B100933718 /* TestBasicsSwiftTestings */,
			);
		};
/* End PBXProject section */

/* Begin PBXResourcesBuildPhase section */
		CCC6ECE42E9CC84D00933718 /* Resources */ = {
			isa = PBXResourcesBuildPhase;
			buildActionMask = 2147483647;
			files = (
			);
			runOnlyForDeploymentPostprocessing = 0;
		};
		CCC6ECF12E9CC84E00933718 /* Resources */ = {
			isa = PBXResourcesBuildPhase;
			buildActionMask = 2147483647;
			files = (
			);
			runOnlyForDeploymentPostprocessing = 0;
		};
		CCC6ED122E9CC8B100933718 /* Resources */ = {
			isa = PBXResourcesBuildPhase;
			buildActionMask = 2147483647;
			files = (
			);
			runOnlyForDeploymentPostprocessing = 0;
		};
/* End PBXResourcesBuildPhase section */

/* Begin PBXSourcesBuildPhase section */
		CCC6ECE22E9CC84D00933718 /* Sources */ = {
			isa = PBXSourcesBuildPhase;
			buildActionMask = 2147483647;
			files = (
			);
			runOnlyForDeploymentPostprocessing = 0;
		};
		CCC6ECEF2E9CC84E00933718 /* Sources */ = {
			isa = PBXSourcesBuildPhase;
			buildActionMask = 2147483647;
			files = (
			);
			runOnlyForDeploymentPostprocessing = 0;
		};
		CCC6ED102E9CC8B100933718 /* Sources */ = {
			isa = PBXSourcesBuildPhase;
			buildActionMask = 2147483647;
			files = (
			);
			runOnlyForDeploymentPostprocessing = 0;
		};
/* End PBXSourcesBuildPhase section */

/* Begin PBXTargetDependency section */
		CCC6ECF52E9CC84E00933718 /* PBXTargetDependency */ = {
			isa = PBXTargetDependency;
			target = CCC6ECE52E9CC84D00933718 /* TestBasics */;
			targetProxy = CCC6ECF42E9CC84E00933718 /* PBXContainerItemProxy */;
		};
		CCC6ED192E9CC8B100933718 /* PBXTargetDependency */ = {
			isa = PBXTargetDependency;
			target = CCC6ECE52E9CC84D00933718 /* TestBasics */;
			targetProxy = CCC6ED182E9CC8B100933718 /* PBXContainerItemProxy */;
		};
/* End PBXTargetDependency section */

/* Begin XCBuildConfiguration section */
		CCC6ED052E9CC84E00933718 /* Debug */ = {
			isa = XCBuildConfiguration;
			buildSettings = {
				ALWAYS_SEARCH_USER_PATHS = NO;
				ASSETCATALOG_COMPILER_GENERATE_SWIFT_ASSET_SYMBOL_EXTENSIONS = YES;
				CLANG_ANALYZER_NONNULL = YES;
				CLANG_ANALYZER_NUMBER_OBJECT_CONVERSION = YES_AGGRESSIVE;
				CLANG_CXX_LANGUAGE_STANDARD = "gnu++20";
				CLANG_ENABLE_MODULES = YES;
				CLANG_ENABLE_OBJC_ARC = YES;
				CLANG_ENABLE_OBJC_WEAK = YES;
				CLANG_WARN_BLOCK_CAPTURE_AUTORELEASING = YES;
				CLANG_WARN_BOOL_CONVERSION = YES;
				CLANG_WARN_COMMA = YES;
				CLANG_WARN_CONSTANT_CONVERSION = YES;
				CLANG_WARN_DEPRECATED_OBJC_IMPLEMENTATIONS = YES;
				CLANG_WARN_DIRECT_OBJC_ISA_USAGE = YES_ERROR;
				CLANG_WARN_DOCUMENTATION_COMMENTS = YES;
				CLANG_WARN_EMPTY_BODY = YES;
				CLANG_WARN_ENUM_CONVERSION = YES;
				CLANG_WARN_INFINITE_RECURSION = YES;
				CLANG_WARN_INT_CONVERSION = YES;
				CLANG_WARN_NON_LITERAL_NULL_CONVERSION = YES;
				CLANG_WARN_OBJC_IMPLICIT_RETAIN_SELF = YES;
				CLANG_WARN_OBJC_LITERAL_CONVERSION = YES;
				CLANG_WARN_OBJC_ROOT_CLASS = YES_ERROR;
				CLANG_WARN_QUOTED_INCLUDE_IN_FRAMEWORK_HEADER = YES;
				CLANG_WARN_RANGE_LOOP_ANALYSIS = YES;
				CLANG_WARN_STRICT_PROTOTYPES = YES;
				CLANG_WARN_SUSPICIOUS_MOVE = YES;
				CLANG_WARN_UNGUARDED_AVAILABILITY = YES_AGGRESSIVE;
				CLANG_WARN_UNREACHABLE_CODE = YES;
				CLANG_WARN__DUPLICATE_METHOD_MATCH = YES;
				COPY_PHASE_STRIP = NO;
				DEBUG_INFORMATION_FORMAT = dwarf;
				DEVELOPMENT_TEAM = 59FP2PXRXK;
				ENABLE_STRICT_OBJC_MSGSEND = YES;
				ENABLE_TESTABILITY = YES;
				ENABLE_USER_SCRIPT_SANDBOXING = YES;
				GCC_C_LANGUAGE_STANDARD = gnu17;
				GCC_DYNAMIC_NO_PIC = NO;
				GCC_NO_COMMON_BLOCKS = YES;
				GCC_OPTIMIZATION_LEVEL = 0;
				GCC_PREPROCESSOR_DEFINITIONS = (
					"DEBUG=1",
					"$(inherited)",
				);
				GCC_WARN_64_TO_32_BIT_CONVERSION = YES;
				GCC_WARN_ABOUT_RETURN_TYPE = YES_ERROR;
				GCC_WARN_UNDECLARED_SELECTOR = YES;
				GCC_WARN_UNINITIALIZED_AUTOS = YES_AGGRESSIVE;
				GCC_WARN_UNUSED_FUNCTION = YES;
				GCC_WARN_UNUSED_VARIABLE = YES;
				IPHONEOS_DEPLOYMENT_TARGET = 26.0;
				LOCALIZATION_PREFERS_STRING_CATALOGS = YES;
				MTL_ENABLE_DEBUG_INFO = INCLUDE_SOURCE;
				MTL_FAST_MATH = YES;
				ONLY_ACTIVE_ARCH = YES;
				SDKROOT = iphoneos;
				SWIFT_ACTIVE_COMPILATION_CONDITIONS = "DEBUG $(inherited)";
				SWIFT_OPTIMIZATION_LEVEL = "-Onone";
			};
			name = Debug;
		};
		CCC6ED062E9CC84E00933718 /* Release */ = {
			isa = XCBuildConfiguration;
			buildSettings = {
				ALWAYS_SEARCH_USER_PATHS = NO;
				ASSETCATALOG_COMPILER_GENERATE_SWIFT_ASSET_SYMBOL_EXTENSIONS = YES;
				CLANG_ANALYZER_NONNULL = YES;
				CLANG_ANALYZER_NUMBER_OBJECT_CONVERSION = YES_AGGRESSIVE;
				CLANG_CXX_LANGUAGE_STANDARD = "gnu++20";
				CLANG_ENABLE_MODULES = YES;
				CLANG_ENABLE_OBJC_ARC = YES;
				CLANG_ENABLE_OBJC_WEAK = YES;
				CLANG_WARN_BLOCK_CAPTURE_AUTORELEASING = YES;
				CLANG_WARN_BOOL_CONVERSION = YES;
				CLANG_WARN_COMMA = YES;
				CLANG_WARN_CONSTANT_CONVERSION = YES;
				CLANG_WARN_DEPRECATED_OBJC_IMPLEMENTATIONS = YES;
				CLANG_WARN_DIRECT_OBJC_ISA_USAGE = YES_ERROR;
				CLANG_WARN_DOCUMENTATION_COMMENTS = YES;
				CLANG_WARN_EMPTY_BODY = YES;
				CLANG_WARN_ENUM_CONVERSION = YES;
				CLANG_WARN_INFINITE_RECURSION = YES;
				CLANG_WARN_INT_CONVERSION = YES;
				CLANG_WARN_NON_LITERAL_NULL_CONVERSION = YES;
				CLANG_WARN_OBJC_IMPLICIT_RETAIN_SELF = YES;
				CLANG_WARN_OBJC_LITERAL_CONVERSION = YES;
				CLANG_WARN_OBJC_ROOT_CLASS = YES_ERROR;
				CLANG_WARN_QUOTED_INCLUDE_IN_FRAMEWORK_HEADER = YES;
				CLANG_WARN_RANGE_LOOP_ANALYSIS = YES;
				CLANG_WARN_STRICT_PROTOTYPES = YES;
				CLANG_WARN_SUSPICIOUS_MOVE = YES;
				CLANG_WARN_UNGUARDED_AVAILABILITY = YES_AGGRESSIVE;
				CLANG_WARN_UNREACHABLE_CODE = YES;
				CLANG_WARN__DUPLICATE_METHOD_MATCH = YES;
				COPY_PHASE_STRIP = NO;
				DEBUG_INFORMATION_FORMAT = "dwarf-with-dsym";
				DEVELOPMENT_TEAM = 59FP2PXRXK;
				ENABLE_NS_ASSERTIONS = NO;
				ENABLE_STRICT_OBJC_MSGSEND = YES;
				ENABLE_USER_SCRIPT_SANDBOXING = YES;
				GCC_C_LANGUAGE_STANDARD = gnu17;
				GCC_NO_COMMON_BLOCKS = YES;
				GCC_WARN_64_TO_32_BIT_CONVERSION = YES;
				GCC_WARN_ABOUT_RETURN_TYPE = YES_ERROR;
				GCC_WARN_UNDECLARED_SELECTOR = YES;
				GCC_WARN_UNINITIALIZED_AUTOS = YES_AGGRESSIVE;
				GCC_WARN_UNUSED_FUNCTION = YES;
				GCC_WARN_UNUSED_VARIABLE = YES;
				IPHONEOS_DEPLOYMENT_TARGET = 26.0;
				LOCALIZATION_PREFERS_STRING_CATALOGS = YES;
				MTL_ENABLE_DEBUG_INFO = NO;
				MTL_FAST_MATH = YES;
				SDKROOT = iphoneos;
				SWIFT_COMPILATION_MODE = wholemodule;
				VALIDATE_PRODUCT = YES;
			};
			name = Release;
		};
		CCC6ED082E9CC84E00933718 /* Debug */ = {
			isa = XCBuildConfiguration;
			buildSettings = {
				ASSETCATALOG_COMPILER_APPICON_NAME = AppIcon;
				ASSETCATALOG_COMPILER_GLOBAL_ACCENT_COLOR_NAME = AccentColor;
				CODE_SIGN_STYLE = Automatic;
				CURRENT_PROJECT_VERSION = 1;
				DEVELOPMENT_TEAM = 59FP2PXRXK;
				ENABLE_PREVIEWS = YES;
				GENERATE_INFOPLIST_FILE = YES;
				INFOPLIST_KEY_UIApplicationSceneManifest_Generation = YES;
				INFOPLIST_KEY_UIApplicationSupportsIndirectInputEvents = YES;
				INFOPLIST_KEY_UILaunchScreen_Generation = YES;
				INFOPLIST_KEY_UISupportedInterfaceOrientations_iPad = "UIInterfaceOrientationPortrait UIInterfaceOrientationPortraitUpsideDown UIInterfaceOrientationLandscapeLeft UIInterfaceOrientationLandscapeRight";
				INFOPLIST_KEY_UISupportedInterfaceOrientations_iPhone = "UIInterfaceOrientationPortrait UIInterfaceOrientationLandscapeLeft UIInterfaceOrientationLandscapeRight";
				LD_RUNPATH_SEARCH_PATHS = (
					"$(inherited)",
					"@executable_path/Frameworks",
				);
				MARKETING_VERSION = 1.0;
				PRODUCT_BUNDLE_IDENTIFIER = kr.co.codegrove.TestBasics;
				PRODUCT_NAME = "$(TARGET_NAME)";
				STRING_CATALOG_GENERATE_SYMBOLS = YES;
				SWIFT_APPROACHABLE_CONCURRENCY = YES;
				SWIFT_DEFAULT_ACTOR_ISOLATION = MainActor;
				SWIFT_EMIT_LOC_STRINGS = YES;
				SWIFT_UPCOMING_FEATURE_MEMBER_IMPORT_VISIBILITY = YES;
				SWIFT_VERSION = 5.0;
				TARGETED_DEVICE_FAMILY = "1,2";
			};
			name = Debug;
		};
		CCC6ED092E9CC84E00933718 /* Release */ = {
			isa = XCBuildConfiguration;
			buildSettings = {
				ASSETCATALOG_COMPILER_APPICON_NAME = AppIcon;
				ASSETCATALOG_COMPILER_GLOBAL_ACCENT_COLOR_NAME = AccentColor;
				CODE_SIGN_STYLE = Automatic;
				CURRENT_PROJECT_VERSION = 1;
				DEVELOPMENT_TEAM = 59FP2PXRXK;
				ENABLE_PREVIEWS = YES;
				GENERATE_INFOPLIST_FILE = YES;
				INFOPLIST_KEY_UIApplicationSceneManifest_Generation = YES;
				INFOPLIST_KEY_UIApplicationSupportsIndirectInputEvents = YES;
				INFOPLIST_KEY_UILaunchScreen_Generation = YES;
				INFOPLIST_KEY_UISupportedInterfaceOrientations_iPad = "UIInterfaceOrientationPortrait UIInterfaceOrientationPortraitUpsideDown UIInterfaceOrientationLandscapeLeft UIInterfaceOrientationLandscapeRight";
				INFOPLIST_KEY_UISupportedInterfaceOrientations_iPhone = "UIInterfaceOrientationPortrait UIInterfaceOrientationLandscapeLeft UIInterfaceOrientationLandscapeRight";
				LD_RUNPATH_SEARCH_PATHS = (
					"$(inherited)",
					"@executable_path/Frameworks",
				);
				MARKETING_VERSION = 1.0;
				PRODUCT_BUNDLE_IDENTIFIER = kr.co.codegrove.TestBasics;
				PRODUCT_NAME = "$(TARGET_NAME)";
				STRING_CATALOG_GENERATE_SYMBOLS = YES;
				SWIFT_APPROACHABLE_CONCURRENCY = YES;
				SWIFT_DEFAULT_ACTOR_ISOLATION = MainActor;
				SWIFT_EMIT_LOC_STRINGS = YES;
				SWIFT_UPCOMING_FEATURE_MEMBER_IMPORT_VISIBILITY = YES;
				SWIFT_VERSION = 5.0;
				TARGETED_DEVICE_FAMILY = "1,2";
			};
			name = Release;
		};
		CCC6ED0B2E9CC84E00933718 /* Debug */ = {
			isa = XCBuildConfiguration;
			buildSettings = {
				BUNDLE_LOADER = "$(TEST_HOST)";
				CODE_SIGN_STYLE = Automatic;
				CURRENT_PROJECT_VERSION = 1;
				DEVELOPMENT_TEAM = 59FP2PXRXK;
				GENERATE_INFOPLIST_FILE = YES;
				IPHONEOS_DEPLOYMENT_TARGET = 26.0;
				MARKETING_VERSION = 1.0;
				PRODUCT_BUNDLE_IDENTIFIER = kr.co.codegrove.TestBasicsTests;
				PRODUCT_NAME = "$(TARGET_NAME)";
				STRING_CATALOG_GENERATE_SYMBOLS = NO;
				SWIFT_APPROACHABLE_CONCURRENCY = YES;
				SWIFT_EMIT_LOC_STRINGS = NO;
				SWIFT_UPCOMING_FEATURE_MEMBER_IMPORT_VISIBILITY = YES;
				SWIFT_VERSION = 5.0;
				TARGETED_DEVICE_FAMILY = "1,2";
				TEST_HOST = "$(BUILT_PRODUCTS_DIR)/TestBasics.app/$(BUNDLE_EXECUTABLE_FOLDER_PATH)/TestBasics";
			};
			name = Debug;
		};
		CCC6ED0C2E9CC84E00933718 /* Release */ = {
			isa = XCBuildConfiguration;
			buildSettings = {
				BUNDLE_LOADER = "$(TEST_HOST)";
				CODE_SIGN_STYLE = Automatic;
				CURRENT_PROJECT_VERSION = 1;
				DEVELOPMENT_TEAM = 59FP2PXRXK;
				GENERATE_INFOPLIST_FILE = YES;
				IPHONEOS_DEPLOYMENT_TARGET = 26.0;
				MARKETING_VERSION = 1.0;
				PRODUCT_BUNDLE_IDENTIFIER = kr.co.codegrove.TestBasicsTests;
				PRODUCT_NAME = "$(TARGET_NAME)";
				STRING_CATALOG_GENERATE_SYMBOLS = NO;
				SWIFT_APPROACHABLE_CONCURRENCY = YES;
				SWIFT_EMIT_LOC_STRINGS = NO;
				SWIFT_UPCOMING_FEATURE_MEMBER_IMPORT_VISIBILITY = YES;
				SWIFT_VERSION = 5.0;
				TARGETED_DEVICE_FAMILY = "1,2";
				TEST_HOST = "$(BUILT_PRODUCTS_DIR)/TestBasics.app/$(BUNDLE_EXECUTABLE_FOLDER_PATH)/TestBasics";
			};
			name = Release;
		};
		CCC6ED1B2E9CC8B100933718 /* Debug */ = {
			isa = XCBuildConfiguration;
			buildSettings = {
				BUNDLE_LOADER = "$(TEST_HOST)";
				CODE_SIGN_STYLE = Automatic;
				CURRENT_PROJECT_VERSION = 1;
				DEVELOPMENT_TEAM = 59FP2PXRXK;
				GENERATE_INFOPLIST_FILE = YES;
				MARKETING_VERSION = 1.0;
				PRODUCT_BUNDLE_IDENTIFIER = kr.co.codegrove.TestBasicsSwiftTestings;
				PRODUCT_NAME = "$(TARGET_NAME)";
				STRING_CATALOG_GENERATE_SYMBOLS = NO;
				SWIFT_APPROACHABLE_CONCURRENCY = YES;
				SWIFT_EMIT_LOC_STRINGS = NO;
				SWIFT_UPCOMING_FEATURE_MEMBER_IMPORT_VISIBILITY = YES;
				SWIFT_VERSION = 5.0;
				TARGETED_DEVICE_FAMILY = "1,2";
				TEST_HOST = "$(BUILT_PRODUCTS_DIR)/TestBasics.app/$(BUNDLE_EXECUTABLE_FOLDER_PATH)/TestBasics";
			};
			name = Debug;
		};
		CCC6ED1C2E9CC8B100933718 /* Release */ = {
			isa = XCBuildConfiguration;
			buildSettings = {
				BUNDLE_LOADER = "$(TEST_HOST)";
				CODE_SIGN_STYLE = Automatic;
				CURRENT_PROJECT_VERSION = 1;
				DEVELOPMENT_TEAM = 59FP2PXRXK;
				GENERATE_INFOPLIST_FILE = YES;
				MARKETING_VERSION = 1.0;
				PRODUCT_BUNDLE_IDENTIFIER = kr.co.codegrove.TestBasicsSwiftTestings;
				PRODUCT_NAME = "$(TARGET_NAME)";
				STRING_CATALOG_GENERATE_SYMBOLS = NO;
				SWIFT_APPROACHABLE_CONCURRENCY = YES;
				SWIFT_EMIT_LOC_STRINGS = NO;
				SWIFT_UPCOMING_FEATURE_MEMBER_IMPORT_VISIBILITY = YES;
				SWIFT_VERSION = 5.0;
				TARGETED_DEVICE_FAMILY = "1,2";
				TEST_HOST = "$(BUILT_PRODUCTS_DIR)/TestBasics.app/$(BUNDLE_EXECUTABLE_FOLDER_PATH)/TestBasics";
			};
			name = Release;
		};
/* End XCBuildConfiguration section */

/* Begin XCConfigurationList section */
		CCC6ECE12E9CC84D00933718 /* Build configuration list for PBXProject "TestBasics" */ = {
			isa = XCConfigurationList;
			buildConfigurations = (
				CCC6ED052E9CC84E00933718 /* Debug */,
				CCC6ED062E9CC84E00933718 /* Release */,
			);
			defaultConfigurationIsVisible = 0;
			defaultConfigurationName = Release;
		};
		CCC6ED072E9CC84E00933718 /* Build configuration list for PBXNativeTarget "TestBasics" */ = {
			isa = XCConfigurationList;
			buildConfigurations = (
				CCC6ED082E9CC84E00933718 /* Debug */,
				CCC6ED092E9CC84E00933718 /* Release */,
			);
			defaultConfigurationIsVisible = 0;
			defaultConfigurationName = Release;
		};
		CCC6ED0A2E9CC84E00933718 /* Build configuration list for PBXNativeTarget "TestBasicsTests" */ = {
			isa = XCConfigurationList;
			buildConfigurations = (
				CCC6ED0B2E9CC84E00933718 /* Debug */,
				CCC6ED0C2E9CC84E00933718 /* Release */,
			);
			defaultConfigurationIsVisible = 0;
			defaultConfigurationName = Release;
		};
		CCC6ED1A2E9CC8B100933718 /* Build configuration list for PBXNativeTarget "TestBasicsSwiftTestings" */ = {
			isa = XCConfigurationList;
			buildConfigurations = (
				CCC6ED1B2E9CC8B100933718 /* Debug */,
				CCC6ED1C2E9CC8B100933718 /* Release */,
			);
			defaultConfigurationIsVisible = 0;
			defaultConfigurationName = Release;
		};
/* End XCConfigurationList section */
	};
	rootObject = CCC6ECDE2E9CC84D00933718 /* Project object */;
}
